
Microsoft Visual Studio Solution File, Format Version 12.00
# Visual Studio 15
VisualStudioVersion = 15.0.28307.438
MinimumVisualStudioVersion = 10.0.40219.1
Project("{FAE04EC0-301F-11D3-BF4B-00C04F79EFBC}") = "FlightDelayPrediction", "FlightDelayPrediction\FlightDelayPrediction.csproj", "{DF144768-6EF1-4BDF-98C3-4A4A935BEC93}"
EndProject
Global
	GlobalSection(SolutionConfigurationPlatforms) = preSolution
		Debug|Any CPU = Debug|Any CPU
		Release|Any CPU = Release|Any CPU
	EndGlobalSection
	GlobalSection(ProjectConfigurationPlatforms) = postSolution
		{DF144768-6EF1-4BDF-98C3-4A4A935BEC93}.Debug|Any CPU.ActiveCfg = Debug|Any CPU
		{DF144768-6EF1-4BDF-98C3-4A4A935BEC93}.Debug|Any CPU.Build.0 = Debug|Any CPU
		{DF144768-6EF1-4BDF-98C3-4A4A935BEC93}.Release|Any CPU.ActiveCfg = Release|Any CPU
		{DF144768-6EF1-4BDF-98C3-4A4A935BEC93}.Release|Any CPU.Build.0 = Release|Any CPU
	EndGlobalSection
	GlobalSection(SolutionProperties) = preSolution
		HideSolutionNode = FALSE
	EndGlobalSection
	GlobalSection(ExtensibilityGlobals) = postSolution
		SolutionGuid = {2C1312CE-FAA2-48AB-A939-B0401D122BF0}
	EndGlobalSection
EndGlobal
